
Microsoft Visual Studio Solution File, Format Version 12.00
# Visual Studio Version 16
VisualStudioVersion = 16.0.31313.79
MinimumVisualStudioVersion = 10.0.40219.1
Project("{FAE04EC0-301F-11D3-BF4B-00C04F79EFBC}") = "ConsoleShopApp", "ConsoleShopApp\ConsoleShopApp.csproj", "{7779D3A0-CF27-4DFF-ABD5-6F00D9A02181}"
EndProject
Global
	GlobalSection(SolutionConfigurationPlatforms) = preSolution
		Debug|Any CPU = Debug|Any CPU
		Release|Any CPU = Release|Any CPU
	EndGlobalSection
	GlobalSection(ProjectConfigurationPlatforms) = postSolution
		{7779D3A0-CF27-4DFF-ABD5-6F00D9A02181}.Debug|Any CPU.ActiveCfg = Debug|Any CPU
		{7779D3A0-CF27-4DFF-ABD5-6F00D9A02181}.Debug|Any CPU.Build.0 = Debug|Any CPU
		{7779D3A0-CF27-4DFF-ABD5-6F00D9A02181}.Release|Any CPU.ActiveCfg = Release|Any CPU
		{7779D3A0-CF27-4DFF-ABD5-6F00D9A02181}.Release|Any CPU.Build.0 = Release|Any CPU
	EndGlobalSection
	GlobalSection(SolutionProperties) = preSolution
		HideSolutionNode = FALSE
	EndGlobalSection
	GlobalSection(ExtensibilityGlobals) = postSolution
		SolutionGuid = {88B2081B-BCB2-4C2E-B66C-D220C78C8E89}
	EndGlobalSection
EndGlobal
